
Microsoft Visual Studio Solution File, Format Version 12.00
# Visual Studio Version 16
VisualStudioVersion = 16.0.30804.86
MinimumVisualStudioVersion = 10.0.40219.1
Project("{FAE04EC0-301F-11D3-BF4B-00C04F79EFBC}") = "GameDev", "GameDev\GameDev.csproj", "{F4320B74-7EC6-4BEC-B65F-62800949225D}"
EndProject
Project("{FAE04EC0-301F-11D3-BF4B-00C04F79EFBC}") = "GamerLib", "GamerLib\GamerLib.csproj", "{D52BFCA3-229D-4781-A8FD-8BB9EC4A04D1}"
EndProject
Global
	GlobalSection(SolutionConfigurationPlatforms) = preSolution
		Debug|Any CPU = Debug|Any CPU
		Release|Any CPU = Release|Any CPU
	EndGlobalSection
	GlobalSection(ProjectConfigurationPlatforms) = postSolution
		{F4320B74-7EC6-4BEC-B65F-62800949225D}.Debug|Any CPU.ActiveCfg = Debug|Any CPU
		{F4320B74-7EC6-4BEC-B65F-62800949225D}.Debug|Any CPU.Build.0 = Debug|Any CPU
		{F4320B74-7EC6-4BEC-B65F-62800949225D}.Release|Any CPU.ActiveCfg = Release|Any CPU
		{F4320B74-7EC6-4BEC-B65F-62800949225D}.Release|Any CPU.Build.0 = Release|Any CPU
		{D52BFCA3-229D-4781-A8FD-8BB9EC4A04D1}.Debug|Any CPU.ActiveCfg = Debug|Any CPU
		{D52BFCA3-229D-4781-A8FD-8BB9EC4A04D1}.Debug|Any CPU.Build.0 = Debug|Any CPU
		{D52BFCA3-229D-4781-A8FD-8BB9EC4A04D1}.Release|Any CPU.ActiveCfg = Release|Any CPU
		{D52BFCA3-229D-4781-A8FD-8BB9EC4A04D1}.Release|Any CPU.Build.0 = Release|Any CPU
	EndGlobalSection
	GlobalSection(SolutionProperties) = preSolution
		HideSolutionNode = FALSE
	EndGlobalSection
	GlobalSection(ExtensibilityGlobals) = postSolution
		SolutionGuid = {1F1F4D9A-C7AF-43E1-8A98-FEDDC87E8FBA}
	EndGlobalSection
EndGlobal
